// !$*UTF8*$!
{
	archiveVersion = 1;
	classes = {
	};
	objectVersion = 46;
	objects = {

/* Begin PBXBuildFile section */
		BB1423C31EA21A28002606BD /* AppDelegate.swift in Sources */ = {isa = PBXBuildFile; fileRef = BB1423C21EA21A28002606BD /* AppDelegate.swift */; };
		BB1423C51EA21A28002606BD /* ViewController.swift in Sources */ = {isa = PBXBuildFile; fileRef = BB1423C41EA21A28002606BD /* ViewController.swift */; };
		BB1423C81EA21A28002606BD /* Main.storyboard in Resources */ = {isa = PBXBuildFile; fileRef = BB1423C61EA21A28002606BD /* Main.storyboard */; };
		BB1423CA1EA21A28002606BD /* Assets.xcassets in Resources */ = {isa = PBXBuildFile; fileRef = BB1423C91EA21A28002606BD /* Assets.xcassets */; };
		BB1423CD1EA21A28002606BD /* LaunchScreen.storyboard in Resources */ = {isa = PBXBuildFile; fileRef = BB1423CB1EA21A28002606BD /* LaunchScreen.storyboard */; };
		BB1423D81EA21A28002606BD /* CalculatorAppTests.swift in Sources */ = {isa = PBXBuildFile; fileRef = BB1423D71EA21A28002606BD /* CalculatorAppTests.swift */; };
		BB1423E31EA21A28002606BD /* CalculatorAppUITests.swift in Sources */ = {isa = PBXBuildFile; fileRef = BB1423E21EA21A28002606BD /* CalculatorAppUITests.swift */; };
/* End PBXBuildFile section */

/* Begin PBXContainerItemProxy section */
		BB1423D41EA21A28002606BD /* PBXContainerItemProxy */ = {
			isa = PBXContainerItemProxy;
			containerPortal = BB1423B71EA21A28002606BD /* Project object */;
			proxyType = 1;
			remoteGlobalIDString = BB1423BE1EA21A28002606BD;
			remoteInfo = CalculatorApp;
		};
		BB1423DF1EA21A28002606BD /* PBXContainerItemProxy */ = {
			isa = PBXContainerItemProxy;
			containerPortal = BB1423B71EA21A28002606BD /* Project object */;
			proxyType = 1;
			remoteGlobalIDString = BB1423BE1EA21A28002606BD;
			remoteInfo = CalculatorApp;
		};
/* End PBXContainerItemProxy section */

/* Begin PBXFileReference section */
		BB1423BF1EA21A28002606BD /* CalculatorApp.app */ = {isa = PBXFileReference; explicitFileType = wrapper.application; includeInIndex = 0; path = CalculatorApp.app; sourceTree = BUILT_PRODUCTS_DIR; };
		BB1423C21EA21A28002606BD /* AppDelegate.swift */ = {isa = PBXFileReference; lastKnownFileType = sourcecode.swift; path = AppDelegate.swift; sourceTree = "<group>"; };
		BB1423C41EA21A28002606BD /* ViewController.swift */ = {isa = PBXFileReference; lastKnownFileType = sourcecode.swift; path = ViewController.swift; sourceTree = "<group>"; };
		BB1423C71EA21A28002606BD /* Base */ = {isa = PBXFileReference; lastKnownFileType = file.storyboard; name = Base; path = Base.lproj/Main.storyboard; sourceTree = "<group>"; };
		BB1423C91EA21A28002606BD /* Assets.xcassets */ = {isa = PBXFileReference; lastKnownFileType = folder.assetcatalog; path = Assets.xcassets; sourceTree = "<group>"; };
		BB1423CC1EA21A28002606BD /* Base */ = {isa = PBXFileReference; lastKnownFileType = file.storyboard; name = Base; path = Base.lproj/LaunchScreen.storyboard; sourceTree = "<group>"; };
		BB1423CE1EA21A28002606BD /* Info.plist */ = {isa = PBXFileReference; lastKnownFileType = text.plist.xml; path = Info.plist; sourceTree = "<group>"; };
		BB1423D31EA21A28002606BD /* CalculatorAppTests.xctest */ = {isa = PBXFileReference; explicitFileType = wrapper.cfbundle; includeInIndex = 0; path = CalculatorAppTests.xctest; sourceTree = BUILT_PRODUCTS_DIR; };
		BB1423D71EA21A28002606BD /* CalculatorAppTests.swift */ = {isa = PBXFileReference; lastKnownFileType = sourcecode.swift; path = CalculatorAppTests.swift; sourceTree = "<group>"; };
		BB1423D91EA21A28002606BD /* Info.plist */ = {isa = PBXFileReference; lastKnownFileType = text.plist.xml; path = Info.plist; sourceTree = "<group>"; };
		BB1423DE1EA21A28002606BD /* CalculatorAppUITests.xctest */ = {isa = PBXFileReference; explicitFileType = wrapper.cfbundle; includeInIndex = 0; path = CalculatorAppUITests.xctest; sourceTree = BUILT_PRODUCTS_DIR; };
		BB1423E21EA21A28002606BD /* CalculatorAppUITests.swift */ = {isa = PBXFileReference; lastKnownFileType = sourcecode.swift; path = CalculatorAppUITests.swift; sourceTree = "<group>"; };
		BB1423E41EA21A28002606BD /* Info.plist */ = {isa = PBXFileReference; lastKnownFileType = text.plist.xml; path = Info.plist; sourceTree = "<group>"; };
/* End PBXFileReference section */

/* Begin PBXFrameworksBuildPhase section */
		BB1423BC1EA21A28002606BD /* Frameworks */ = {
			isa = PBXFrameworksBuildPhase;
			buildActionMask = 2147483647;
			files = (
			);
			runOnlyForDeploymentPostprocessing = 0;
		};
		BB1423D01EA21A28002606BD /* Frameworks */ = {
			isa = PBXFrameworksBuildPhase;
			buildActionMask = 2147483647;
			files = (
			);
			runOnlyForDeploymentPostprocessing = 0;
		};
		BB1423DB1EA21A28002606BD /* Frameworks */ = {
			isa = PBXFrameworksBuildPhase;
			buildActionMask = 2147483647;
			files = (
			);
			runOnlyForDeploymentPostprocessing = 0;
		};
/* End PBXFrameworksBuildPhase section */

/* Begin PBXGroup section */
		BB1423B61EA21A28002606BD = {
			isa = PBXGroup;
			children = (
				BB1423C11EA21A28002606BD /* CalculatorApp */,
				BB1423D61EA21A28002606BD /* CalculatorAppTests */,
				BB1423E11EA21A28002606BD /* CalculatorAppUITests */,
				BB1423C01EA21A28002606BD /* Products */,
			);
			sourceTree = "<group>";
		};
		BB1423C01EA21A28002606BD /* Products */ = {
			isa = PBXGroup;
			children = (
				BB1423BF1EA21A28002606BD /* CalculatorApp.app */,
				BB1423D31EA21A28002606BD /* CalculatorAppTests.xctest */,
				BB1423DE1EA21A28002606BD /* CalculatorAppUITests.xctest */,
			);
			name = Products;
			sourceTree = "<group>";
		};
		BB1423C11EA21A28002606BD /* CalculatorApp */ = {
			isa = PBXGroup;
			children = (
				BB1423C21EA21A28002606BD /* AppDelegate.swift */,
				BB1423C41EA21A28002606BD /* ViewController.swift */,
				BB1423C61EA21A28002606BD /* Main.storyboard */,
				BB1423C91EA21A28002606BD /* Assets.xcassets */,
				BB1423CB1EA21A28002606BD /* LaunchScreen.storyboard */,
				BB1423CE1EA21A28002606BD /* Info.plist */,
			);
			path = CalculatorApp;
			sourceTree = "<group>";
		};
		BB1423D61EA21A28002606BD /* CalculatorAppTests */ = {
			isa = PBXGroup;
			children = (
				BB1423D71EA21A28002606BD /* CalculatorAppTests.swift */,
				BB1423D91EA21A28002606BD /* Info.plist */,
			);
			path = CalculatorAppTests;
			sourceTree = "<group>";
		};
		BB1423E11EA21A28002606BD /* CalculatorAppUITests */ = {
			isa = PBXGroup;
			children = (
				BB1423E21EA21A28002606BD /* CalculatorAppUITests.swift */,
				BB1423E41EA21A28002606BD /* Info.plist */,
			);
			path = CalculatorAppUITests;
			sourceTree = "<group>";
		};
/* End PBXGroup section */

/* Begin PBXNativeTarget section */
		BB1423BE1EA21A28002606BD /* CalculatorApp */ = {
			isa = PBXNativeTarget;
			buildConfigurationList = BB1423E71EA21A28002606BD /* Build configuration list for PBXNativeTarget "CalculatorApp" */;
			buildPhases = (
				BB1423BB1EA21A28002606BD /* Sources */,
				BB1423BC1EA21A28002606BD /* Frameworks */,
				BB1423BD1EA21A28002606BD /* Resources */,
			);
			buildRules = (
			);
			dependencies = (
			);
			name = CalculatorApp;
			productName = CalculatorApp;
			productReference = BB1423BF1EA21A28002606BD /* CalculatorApp.app */;
			productType = "com.apple.product-type.application";
		};
		BB1423D21EA21A28002606BD /* CalculatorAppTests */ = {
			isa = PBXNativeTarget;
			buildConfigurationList = BB1423EA1EA21A28002606BD /* Build configuration list for PBXNativeTarget "CalculatorAppTests" */;
			buildPhases = (
				BB1423CF1EA21A28002606BD /* Sources */,
				BB1423D01EA21A28002606BD /* Frameworks */,
				BB1423D11EA21A28002606BD /* Resources */,
			);
			buildRules = (
			);
			dependencies = (
				BB1423D51EA21A28002606BD /* PBXTargetDependency */,
			);
			name = CalculatorAppTests;
			productName = CalculatorAppTests;
			productReference = BB1423D31EA21A28002606BD /* CalculatorAppTests.xctest */;
			productType = "com.apple.product-type.bundle.unit-test";
		};
		BB1423DD1EA21A28002606BD /* CalculatorAppUITests */ = {
			isa = PBXNativeTarget;
			buildConfigurationList = BB1423ED1EA21A28002606BD /* Build configuration list for PBXNativeTarget "CalculatorAppUITests" */;
			buildPhases = (
				BB1423DA1EA21A28002606BD /* Sources */,
				BB1423DB1EA21A28002606BD /* Frameworks */,
				BB1423DC1EA21A28002606BD /* Resources */,
			);
			buildRules = (
			);
			dependencies = (
				BB1423E01EA21A28002606BD /* PBXTargetDependency */,
			);
			name = CalculatorAppUITests;
			productName = CalculatorAppUITests;
			productReference = BB1423DE1EA21A28002606BD /* CalculatorAppUITests.xctest */;
			productType = "com.apple.product-type.bundle.ui-testing";
		};
/* End PBXNativeTarget section */

/* Begin PBXProject section */
		BB1423B71EA21A28002606BD /* Project object */ = {
			isa = PBXProject;
			attributes = {
				LastSwiftUpdateCheck = 0830;
				LastUpgradeCheck = 0830;
				ORGANIZATIONNAME = Cntt22;
				TargetAttributes = {
					BB1423BE1EA21A28002606BD = {
						CreatedOnToolsVersion = 8.3;
						ProvisioningStyle = Automatic;
					};
					BB1423D21EA21A28002606BD = {
						CreatedOnToolsVersion = 8.3;
						ProvisioningStyle = Automatic;
						TestTargetID = BB1423BE1EA21A28002606BD;
					};
					BB1423DD1EA21A28002606BD = {
						CreatedOnToolsVersion = 8.3;
						ProvisioningStyle = Automatic;
						TestTargetID = BB1423BE1EA21A28002606BD;
					};
				};
			};
			buildConfigurationList = BB1423BA1EA21A28002606BD /* Build configuration list for PBXProject "CalculatorApp" */;
			compatibilityVersion = "Xcode 3.2";
			developmentRegion = English;
			hasScannedForEncodings = 0;
			knownRegions = (
				en,
				Base,
			);
			mainGroup = BB1423B61EA21A28002606BD;
			productRefGroup = BB1423C01EA21A28002606BD /* Products */;
			projectDirPath = "";
			projectRoot = "";
			targets = (
				BB1423BE1EA21A28002606BD /* CalculatorApp */,
				BB1423D21EA21A28002606BD /* CalculatorAppTests */,
				BB1423DD1EA21A28002606BD /* CalculatorAppUITests */,
			);
		};
/* End PBXProject section */

/* Begin PBXResourcesBuildPhase section */
		BB1423BD1EA21A28002606BD /* Resources */ = {
			isa = PBXResourcesBuildPhase;
			buildActionMask = 2147483647;
			files = (
				BB1423CD1EA21A28002606BD /* LaunchScreen.storyboard in Resources */,
				BB1423CA1EA21A28002606BD /* Assets.xcassets in Resources */,
				BB1423C81EA21A28002606BD /* Main.storyboard in Resources */,
			);
			runOnlyForDeploymentPostprocessing = 0;
		};
		BB1423D11EA21A28002606BD /* Resources */ = {
			isa = PBXResourcesBuildPhase;
			buildActionMask = 2147483647;
			files = (
			);
			runOnlyForDeploymentPostprocessing = 0;
		};
		BB1423DC1EA21A28002606BD /* Resources */ = {
			isa = PBXResourcesBuildPhase;
			buildActionMask = 2147483647;
			files = (
			);
			runOnlyForDeploymentPostprocessing = 0;
		};
/* End PBXResourcesBuildPhase section */

/* Begin PBXSourcesBuildPhase section */
		BB1423BB1EA21A28002606BD /* Sources */ = {
			isa = PBXSourcesBuildPhase;
			buildActionMask = 2147483647;
			files = (
				BB1423C51EA21A28002606BD /* ViewController.swift in Sources */,
				BB1423C31EA21A28002606BD /* AppDelegate.swift in Sources */,
			);
			runOnlyForDeploymentPostprocessing = 0;
		};
		BB1423CF1EA21A28002606BD /* Sources */ = {
			isa = PBXSourcesBuildPhase;
			buildActionMask = 2147483647;
			files = (
				BB1423D81EA21A28002606BD /* CalculatorAppTests.swift in Sources */,
			);
			runOnlyForDeploymentPostprocessing = 0;
		};
		BB1423DA1EA21A28002606BD /* Sources */ = {
			isa = PBXSourcesBuildPhase;
			buildActionMask = 2147483647;
			files = (
				BB1423E31EA21A28002606BD /* CalculatorAppUITests.swift in Sources */,
			);
			runOnlyForDeploymentPostprocessing = 0;
		};
/* End PBXSourcesBuildPhase section */

/* Begin PBXTargetDependency section */
		BB1423D51EA21A28002606BD /* PBXTargetDependency */ = {
			isa = PBXTargetDependency;
			target = BB1423BE1EA21A28002606BD /* CalculatorApp */;
			targetProxy = BB1423D41EA21A28002606BD /* PBXContainerItemProxy */;
		};
		BB1423E01EA21A28002606BD /* PBXTargetDependency */ = {
			isa = PBXTargetDependency;
			target = BB1423BE1EA21A28002606BD /* CalculatorApp */;
			targetProxy = BB1423DF1EA21A28002606BD /* PBXContainerItemProxy */;
		};
/* End PBXTargetDependency section */

/* Begin PBXVariantGroup section */
		BB1423C61EA21A28002606BD /* Main.storyboard */ = {
			isa = PBXVariantGroup;
			children = (
				BB1423C71EA21A28002606BD /* Base */,
			);
			name = Main.storyboard;
			sourceTree = "<group>";
		};
		BB1423CB1EA21A28002606BD /* LaunchScreen.storyboard */ = {
			isa = PBXVariantGroup;
			children = (
				BB1423CC1EA21A28002606BD /* Base */,
			);
			name = LaunchScreen.storyboard;
			sourceTree = "<group>";
		};
/* End PBXVariantGroup section */

/* Begin XCBuildConfiguration section */
		BB1423E51EA21A28002606BD /* Debug */ = {
			isa = XCBuildConfiguration;
			buildSettings = {
				ALWAYS_SEARCH_USER_PATHS = NO;
				CLANG_ANALYZER_NONNULL = YES;
				CLANG_ANALYZER_NUMBER_OBJECT_CONVERSION = YES_AGGRESSIVE;
				CLANG_CXX_LANGUAGE_STANDARD = "gnu++0x";
				CLANG_CXX_LIBRARY = "libc++";
				CLANG_ENABLE_MODULES = YES;
				CLANG_ENABLE_OBJC_ARC = YES;
				CLANG_WARN_BOOL_CONVERSION = YES;
				CLANG_WARN_CONSTANT_CONVERSION = YES;
				CLANG_WARN_DIRECT_OBJC_ISA_USAGE = YES_ERROR;
				CLANG_WARN_DOCUMENTATION_COMMENTS = YES;
				CLANG_WARN_EMPTY_BODY = YES;
				CLANG_WARN_ENUM_CONVERSION = YES;
				CLANG_WARN_INFINITE_RECURSION = YES;
				CLANG_WARN_INT_CONVERSION = YES;
				CLANG_WARN_OBJC_ROOT_CLASS = YES_ERROR;
				CLANG_WARN_SUSPICIOUS_MOVE = YES;
				CLANG_WARN_UNREACHABLE_CODE = YES;
				CLANG_WARN__DUPLICATE_METHOD_MATCH = YES;
				"CODE_SIGN_IDENTITY[sdk=iphoneos*]" = "iPhone Developer";
				COPY_PHASE_STRIP = NO;
				DEBUG_INFORMATION_FORMAT = dwarf;
				ENABLE_STRICT_OBJC_MSGSEND = YES;
				ENABLE_TESTABILITY = YES;
				GCC_C_LANGUAGE_STANDARD = gnu99;
				GCC_DYNAMIC_NO_PIC = NO;
				GCC_NO_COMMON_BLOCKS = YES;
				GCC_OPTIMIZATION_LEVEL = 0;
				GCC_PREPROCESSOR_DEFINITIONS = (
					"DEBUG=1",
					"$(inherited)",
				);
				GCC_WARN_64_TO_32_BIT_CONVERSION = YES;
				GCC_WARN_ABOUT_RETURN_TYPE = YES_ERROR;
				GCC_WARN_UNDECLARED_SELECTOR = YES;
				GCC_WARN_UNINITIALIZED_AUTOS = YES_AGGRESSIVE;
				GCC_WARN_UNUSED_FUNCTION = YES;
				GCC_WARN_UNUSED_VARIABLE = YES;
				IPHONEOS_DEPLOYMENT_TARGET = 10.3;
				MTL_ENABLE_DEBUG_INFO = YES;
				ONLY_ACTIVE_ARCH = YES;
				SDKROOT = iphoneos;
				SWIFT_ACTIVE_COMPILATION_CONDITIONS = DEBUG;
				SWIFT_OPTIMIZATION_LEVEL = "-Onone";
				TARGETED_DEVICE_FAMILY = "1,2";
			};
			name = Debug;
		};
		BB1423E61EA21A28002606BD /* Release */ = {
			isa = XCBuildConfiguration;
			buildSettings = {
				ALWAYS_SEARCH_USER_PATHS = NO;
				CLANG_ANALYZER_NONNULL = YES;
				CLANG_ANALYZER_NUMBER_OBJECT_CONVERSION = YES_AGGRESSIVE;
				CLANG_CXX_LANGUAGE_STANDARD = "gnu++0x";
				CLANG_CXX_LIBRARY = "libc++";
				CLANG_ENABLE_MODULES = YES;
				CLANG_ENABLE_OBJC_ARC = YES;
				CLANG_WARN_BOOL_CONVERSION = YES;
				CLANG_WARN_CONSTANT_CONVERSION = YES;
				CLANG_WARN_DIRECT_OBJC_ISA_USAGE = YES_ERROR;
				CLANG_WARN_DOCUMENTATION_COMMENTS = YES;
				CLANG_WARN_EMPTY_BODY = YES;
				CLANG_WARN_ENUM_CONVERSION = YES;
				CLANG_WARN_INFINITE_RECURSION = YES;
				CLANG_WARN_INT_CONVERSION = YES;
				CLANG_WARN_OBJC_ROOT_CLASS = YES_ERROR;
				CLANG_WARN_SUSPICIOUS_MOVE = YES;
				CLANG_WARN_UNREACHABLE_CODE = YES;
				CLANG_WARN__DUPLICATE_METHOD_MATCH = YES;
				"CODE_SIGN_IDENTITY[sdk=iphoneos*]" = "iPhone Developer";
				COPY_PHASE_STRIP = NO;
				DEBUG_INFORMATION_FORMAT = "dwarf-with-dsym";
				ENABLE_NS_ASSERTIONS = NO;
				ENABLE_STRICT_OBJC_MSGSEND = YES;
				GCC_C_LANGUAGE_STANDARD = gnu99;
				GCC_NO_COMMON_BLOCKS = YES;
				GCC_WARN_64_TO_32_BIT_CONVERSION = YES;
				GCC_WARN_ABOUT_RETURN_TYPE = YES_ERROR;
				GCC_WARN_UNDECLARED_SELECTOR = YES;
				GCC_WARN_UNINITIALIZED_AUTOS = YES_AGGRESSIVE;
				GCC_WARN_UNUSED_FUNCTION = YES;
				GCC_WARN_UNUSED_VARIABLE = YES;
				IPHONEOS_DEPLOYMENT_TARGET = 10.3;
				MTL_ENABLE_DEBUG_INFO = NO;
				SDKROOT = iphoneos;
				SWIFT_OPTIMIZATION_LEVEL = "-Owholemodule";
				TARGETED_DEVICE_FAMILY = "1,2";
				VALIDATE_PRODUCT = YES;
			};
			name = Release;
		};
		BB1423E81EA21A28002606BD /* Debug */ = {
			isa = XCBuildConfiguration;
			buildSettings = {
				ASSETCATALOG_COMPILER_APPICON_NAME = AppIcon;
				INFOPLIST_FILE = CalculatorApp/Info.plist;
				LD_RUNPATH_SEARCH_PATHS = "$(inherited) @executable_path/Frameworks";
				PRODUCT_BUNDLE_IDENTIFIER = "-444.CalculatorApp";
				PRODUCT_NAME = "$(TARGET_NAME)";
				SWIFT_VERSION = 3.0;
			};
			name = Debug;
		};
		BB1423E91EA21A28002606BD /* Release */ = {
			isa = XCBuildConfiguration;
			buildSettings = {
				ASSETCATALOG_COMPILER_APPICON_NAME = AppIcon;
				INFOPLIST_FILE = CalculatorApp/Info.plist;
				LD_RUNPATH_SEARCH_PATHS = "$(inherited) @executable_path/Frameworks";
				PRODUCT_BUNDLE_IDENTIFIER = "-444.CalculatorApp";
				PRODUCT_NAME = "$(TARGET_NAME)";
				SWIFT_VERSION = 3.0;
			};
			name = Release;
		};
		BB1423EB1EA21A28002606BD /* Debug */ = {
			isa = XCBuildConfiguration;
			buildSettings = {
				ALWAYS_EMBED_SWIFT_STANDARD_LIBRARIES = YES;
				BUNDLE_LOADER = "$(TEST_HOST)";
				INFOPLIST_FILE = CalculatorAppTests/Info.plist;
				LD_RUNPATH_SEARCH_PATHS = "$(inherited) @executable_path/Frameworks @loader_path/Frameworks";
				PRODUCT_BUNDLE_IDENTIFIER = "-444.CalculatorAppTests";
				PRODUCT_NAME = "$(TARGET_NAME)";
				SWIFT_VERSION = 3.0;
				TEST_HOST = "$(BUILT_PRODUCTS_DIR)/CalculatorApp.app/CalculatorApp";
			};
			name = Debug;
		};
		BB1423EC1EA21A28002606BD /* Release */ = {
			isa = XCBuildConfiguration;
			buildSettings = {
				ALWAYS_EMBED_SWIFT_STANDARD_LIBRARIES = YES;
				BUNDLE_LOADER = "$(TEST_HOST)";
				INFOPLIST_FILE = CalculatorAppTests/Info.plist;
				LD_RUNPATH_SEARCH_PATHS = "$(inherited) @executable_path/Frameworks @loader_path/Frameworks";
				PRODUCT_BUNDLE_IDENTIFIER = "-444.CalculatorAppTests";
				PRODUCT_NAME = "$(TARGET_NAME)";
				SWIFT_VERSION = 3.0;
				TEST_HOST = "$(BUILT_PRODUCTS_DIR)/CalculatorApp.app/CalculatorApp";
			};
			name = Release;
		};
		BB1423EE1EA21A28002606BD /* Debug */ = {
			isa = XCBuildConfiguration;
			buildSettings = {
				ALWAYS_EMBED_SWIFT_STANDARD_LIBRARIES = YES;
				INFOPLIST_FILE = CalculatorAppUITests/Info.plist;
				LD_RUNPATH_SEARCH_PATHS = "$(inherited) @executable_path/Frameworks @loader_path/Frameworks";
				PRODUCT_BUNDLE_IDENTIFIER = "-444.CalculatorAppUITests";
				PRODUCT_NAME = "$(TARGET_NAME)";
				SWIFT_VERSION = 3.0;
				TEST_TARGET_NAME = CalculatorApp;
			};
			name = Debug;
		};
		BB1423EF1EA21A28002606BD /* Release */ = {
			isa = XCBuildConfiguration;
			buildSettings = {
				ALWAYS_EMBED_SWIFT_STANDARD_LIBRARIES = YES;
				INFOPLIST_FILE = CalculatorAppUITests/Info.plist;
				LD_RUNPATH_SEARCH_PATHS = "$(inherited) @executable_path/Frameworks @loader_path/Frameworks";
				PRODUCT_BUNDLE_IDENTIFIER = "-444.CalculatorAppUITests";
				PRODUCT_NAME = "$(TARGET_NAME)";
				SWIFT_VERSION = 3.0;
				TEST_TARGET_NAME = CalculatorApp;
			};
			name = Release;
		};
/* End XCBuildConfiguration section */

/* Begin XCConfigurationList section */
		BB1423BA1EA21A28002606BD /* Build configuration list for PBXProject "CalculatorApp" */ = {
			isa = XCConfigurationList;
			buildConfigurations = (
				BB1423E51EA21A28002606BD /* Debug */,
				BB1423E61EA21A28002606BD /* Release */,
			);
			defaultConfigurationIsVisible = 0;
			defaultConfigurationName = Release;
		};
		BB1423E71EA21A28002606BD /* Build configuration list for PBXNativeTarget "CalculatorApp" */ = {
			isa = XCConfigurationList;
			buildConfigurations = (
				BB1423E81EA21A28002606BD /* Debug */,
				BB1423E91EA21A28002606BD /* Release */,
			);
			defaultConfigurationIsVisible = 0;
		};
		BB1423EA1EA21A28002606BD /* Build configuration list for PBXNativeTarget "CalculatorAppTests" */ = {
			isa = XCConfigurationList;
			buildConfigurations = (
				BB1423EB1EA21A28002606BD /* Debug */,
				BB1423EC1EA21A28002606BD /* Release */,
			);
			defaultConfigurationIsVisible = 0;
		};
		BB1423ED1EA21A28002606BD /* Build configuration list for PBXNativeTarget "CalculatorAppUITests" */ = {
			isa = XCConfigurationList;
			buildConfigurations = (
				BB1423EE1EA21A28002606BD /* Debug */,
				BB1423EF1EA21A28002606BD /* Release */,
			);
			defaultConfigurationIsVisible = 0;
		};
/* End XCConfigurationList section */
	};
	rootObject = BB1423B71EA21A28002606BD /* Project object */;
}
